
Microsoft Visual Studio Solution File, Format Version 12.00
# Visual Studio Version 17
VisualStudioVersion = 17.3.32922.545
MinimumVisualStudioVersion = 10.0.40219.1
Project("{9A19103F-16F7-4668-BE54-9A1E7A4F7556}") = "API_LAB_1", "API_LAB_1\API_LAB_1.csproj", "{3ED125BE-C73F-4952-965D-E638AAD505CC}"
EndProject
Project("{9A19103F-16F7-4668-BE54-9A1E7A4F7556}") = "API_Day_2", "API_Day_2\API_Day_2.csproj", "{28259547-F2F5-4E3C-BA22-56593DFF70DB}"
EndProject
Project("{9A19103F-16F7-4668-BE54-9A1E7A4F7556}") = "Hospital.BL", "Hospital.BL\Hospital.BL.csproj", "{DA7D4710-70EA-4197-B66E-C5FDDED607C4}"
EndProject
Project("{9A19103F-16F7-4668-BE54-9A1E7A4F7556}") = "Hospital.DAL", "Hospital.DAL\Hospital.DAL.csproj", "{883F0A29-C105-4D93-A01A-1B27F9DCEEDE}"
EndProject
Project("{9A19103F-16F7-4668-BE54-9A1E7A4F7556}") = "Authentication", "Authentication\Authentication.csproj", "{843AB193-9B39-4173-BAB9-37C7F5D71883}"
EndProject
Global
	GlobalSection(SolutionConfigurationPlatforms) = preSolution
		Debug|Any CPU = Debug|Any CPU
		Release|Any CPU = Release|Any CPU
	EndGlobalSection
	GlobalSection(ProjectConfigurationPlatforms) = postSolution
		{3ED125BE-C73F-4952-965D-E638AAD505CC}.Debug|Any CPU.ActiveCfg = Debug|Any CPU
		{3ED125BE-C73F-4952-965D-E638AAD505CC}.Debug|Any CPU.Build.0 = Debug|Any CPU
		{3ED125BE-C73F-4952-965D-E638AAD505CC}.Release|Any CPU.ActiveCfg = Release|Any CPU
		{3ED125BE-C73F-4952-965D-E638AAD505CC}.Release|Any CPU.Build.0 = Release|Any CPU
		{28259547-F2F5-4E3C-BA22-56593DFF70DB}.Debug|Any CPU.ActiveCfg = Debug|Any CPU
		{28259547-F2F5-4E3C-BA22-56593DFF70DB}.Debug|Any CPU.Build.0 = Debug|Any CPU
		{28259547-F2F5-4E3C-BA22-56593DFF70DB}.Release|Any CPU.ActiveCfg = Release|Any CPU
		{28259547-F2F5-4E3C-BA22-56593DFF70DB}.Release|Any CPU.Build.0 = Release|Any CPU
		{DA7D4710-70EA-4197-B66E-C5FDDED607C4}.Debug|Any CPU.ActiveCfg = Debug|Any CPU
		{DA7D4710-70EA-4197-B66E-C5FDDED607C4}.Debug|Any CPU.Build.0 = Debug|Any CPU
		{DA7D4710-70EA-4197-B66E-C5FDDED607C4}.Release|Any CPU.ActiveCfg = Release|Any CPU
		{DA7D4710-70EA-4197-B66E-C5FDDED607C4}.Release|Any CPU.Build.0 = Release|Any CPU
		{883F0A29-C105-4D93-A01A-1B27F9DCEEDE}.Debug|Any CPU.ActiveCfg = Debug|Any CPU
		{883F0A29-C105-4D93-A01A-1B27F9DCEEDE}.Debug|Any CPU.Build.0 = Debug|Any CPU
		{883F0A29-C105-4D93-A01A-1B27F9DCEEDE}.Release|Any CPU.ActiveCfg = Release|Any CPU
		{883F0A29-C105-4D93-A01A-1B27F9DCEEDE}.Release|Any CPU.Build.0 = Release|Any CPU
		{843AB193-9B39-4173-BAB9-37C7F5D71883}.Debug|Any CPU.ActiveCfg = Debug|Any CPU
		{843AB193-9B39-4173-BAB9-37C7F5D71883}.Debug|Any CPU.Build.0 = Debug|Any CPU
		{843AB193-9B39-4173-BAB9-37C7F5D71883}.Release|Any CPU.ActiveCfg = Release|Any CPU
		{843AB193-9B39-4173-BAB9-37C7F5D71883}.Release|Any CPU.Build.0 = Release|Any CPU
	EndGlobalSection
	GlobalSection(SolutionProperties) = preSolution
		HideSolutionNode = FALSE
	EndGlobalSection
	GlobalSection(ExtensibilityGlobals) = postSolution
		SolutionGuid = {DD4482CF-94FD-4D06-91C3-E27C91FB3D8A}
	EndGlobalSection
EndGlobal
